// !$*UTF8*$!
{
	archiveVersion = 1;
	classes = {
	};
	objectVersion = 45;
	objects = {

/* Begin PBXBuildFile section */
		1DDD582C0DA1D0D100B32029 /* MyDocument.xib in Resources */ = {isa = PBXBuildFile; fileRef = 1DDD58280DA1D0D100B32029 /* MyDocument.xib */; };
		1DDD582D0DA1D0D100B32029 /* MainMenu.xib in Resources */ = {isa = PBXBuildFile; fileRef = 1DDD582A0DA1D0D100B32029 /* MainMenu.xib */; };
		2269367F12E7C53000171322 /* emmatch.c in Sources */ = {isa = PBXBuildFile; fileRef = 2269367E12E7C53000171322 /* emmatch.c */; };
		2269369B12E7C6AB00171322 /* html5.c in Sources */ = {isa = PBXBuildFile; fileRef = 2269369A12E7C6AB00171322 /* html5.c */; };
		226936A012E7C6BE00171322 /* tags.c in Sources */ = {isa = PBXBuildFile; fileRef = 2269369E12E7C6BE00171322 /* tags.c */; };
		795F6C4F105D6EC400D1F90A /* mkdio.c in Sources */ = {isa = PBXBuildFile; fileRef = 795F6C4E105D6EC400D1F90A /* mkdio.c */; };
		795F6C51105D6ECE00D1F90A /* markdown.c in Sources */ = {isa = PBXBuildFile; fileRef = 795F6C50105D6ECE00D1F90A /* markdown.c */; };
		795F6C53105D6ED800D1F90A /* generate.c in Sources */ = {isa = PBXBuildFile; fileRef = 795F6C52105D6ED800D1F90A /* generate.c */; };
		795F6C55105D6EE100D1F90A /* resource.c in Sources */ = {isa = PBXBuildFile; fileRef = 795F6C54105D6EE100D1F90A /* resource.c */; };
		795F6C62105D6F6E00D1F90A /* xml.c in Sources */ = {isa = PBXBuildFile; fileRef = 795F6C61105D6F6E00D1F90A /* xml.c */; };
		795F6C66105D6F8500D1F90A /* Csio.c in Sources */ = {isa = PBXBuildFile; fileRef = 795F6C65105D6F8500D1F90A /* Csio.c */; };
		795F6C87105D70A300D1F90A /* MarkdownLiveApp.icns in Resources */ = {isa = PBXBuildFile; fileRef = 795F6C86105D70A300D1F90A /* MarkdownLiveApp.icns */; };
		795F6CCD105D741100D1F90A /* WebKit.framework in Frameworks */ = {isa = PBXBuildFile; fileRef = 795F6CCC105D741100D1F90A /* WebKit.framework */; };
		795F6DBA105D75D300D1F90A /* discountWrapper.m in Sources */ = {isa = PBXBuildFile; fileRef = 795F6DB5105D75D300D1F90A /* discountWrapper.m */; };
		795F6DBB105D75D300D1F90A /* markdownWrapper.c in Sources */ = {isa = PBXBuildFile; fileRef = 795F6DB6105D75D300D1F90A /* markdownWrapper.c */; };
		795F6DBC105D75D300D1F90A /* mkdioWrapper.c in Sources */ = {isa = PBXBuildFile; fileRef = 795F6DB8105D75D300D1F90A /* mkdioWrapper.c */; };
		8D15AC2C0486D014006FF6A4 /* Credits.rtf in Resources */ = {isa = PBXBuildFile; fileRef = 2A37F4B9FDCFA73011CA2CEA /* Credits.rtf */; };
		8D15AC2F0486D014006FF6A4 /* InfoPlist.strings in Resources */ = {isa = PBXBuildFile; fileRef = 089C165FFE840EACC02AAC07 /* InfoPlist.strings */; };
		8D15AC310486D014006FF6A4 /* MyDocument.m in Sources */ = {isa = PBXBuildFile; fileRef = 2A37F4ACFDCFA73011CA2CEA /* MyDocument.m */; settings = {ATTRIBUTES = (); }; };
		8D15AC320486D014006FF6A4 /* main.m in Sources */ = {isa = PBXBuildFile; fileRef = 2A37F4B0FDCFA73011CA2CEA /* main.m */; settings = {ATTRIBUTES = (); }; };
		8D15AC340486D014006FF6A4 /* Cocoa.framework in Frameworks */ = {isa = PBXBuildFile; fileRef = 1058C7A7FEA54F5311CA2CBB /* Cocoa.framework */; };
/* End PBXBuildFile section */

/* Begin PBXFileReference section */
		089C1660FE840EACC02AAC07 /* English */ = {isa = PBXFileReference; fileEncoding = 4; lastKnownFileType = text.plist.strings; name = English; path = English.lproj/InfoPlist.strings; sourceTree = "<group>"; };
		1058C7A7FEA54F5311CA2CBB /* Cocoa.framework */ = {isa = PBXFileReference; lastKnownFileType = wrapper.framework; name = Cocoa.framework; path = /System/Library/Frameworks/Cocoa.framework; sourceTree = "<absolute>"; };
		13E42FBA07B3F13500E4EEF1 /* CoreData.framework */ = {isa = PBXFileReference; lastKnownFileType = wrapper.framework; name = CoreData.framework; path = /System/Library/Frameworks/CoreData.framework; sourceTree = "<absolute>"; };
		1DDD58290DA1D0D100B32029 /* English */ = {isa = PBXFileReference; lastKnownFileType = file.xib; name = English; path = English.lproj/MyDocument.xib; sourceTree = "<group>"; };
		1DDD582B0DA1D0D100B32029 /* English */ = {isa = PBXFileReference; lastKnownFileType = file.xib; name = English; path = English.lproj/MainMenu.xib; sourceTree = "<group>"; };
		2269367E12E7C53000171322 /* emmatch.c */ = {isa = PBXFileReference; fileEncoding = 4; lastKnownFileType = sourcecode.c.c; path = emmatch.c; sourceTree = "<group>"; };
		2269369A12E7C6AB00171322 /* html5.c */ = {isa = PBXFileReference; fileEncoding = 4; lastKnownFileType = sourcecode.c.c; path = html5.c; sourceTree = "<group>"; };
		2269369E12E7C6BE00171322 /* tags.c */ = {isa = PBXFileReference; fileEncoding = 4; lastKnownFileType = sourcecode.c.c; path = tags.c; sourceTree = "<group>"; };
		2269369F12E7C6BE00171322 /* tags.h */ = {isa = PBXFileReference; fileEncoding = 4; lastKnownFileType = sourcecode.c.h; path = tags.h; sourceTree = "<group>"; };
		226936B912E7C8B600171322 /* mkdio.h */ = {isa = PBXFileReference; fileEncoding = 4; lastKnownFileType = sourcecode.c.h; path = mkdio.h; sourceTree = "<group>"; };
		22ECEEC612E7C258003B50DC /* config.h */ = {isa = PBXFileReference; fileEncoding = 4; lastKnownFileType = sourcecode.c.h; path = config.h; sourceTree = "<group>"; };
		22ECEED912E7C2E8003B50DC /* markdown.h */ = {isa = PBXFileReference; fileEncoding = 4; lastKnownFileType = sourcecode.c.h; path = markdown.h; sourceTree = "<group>"; };
		2564AD2C0F5327BB00F57823 /* MarkdownLive_Prefix.pch */ = {isa = PBXFileReference; fileEncoding = 4; lastKnownFileType = sourcecode.c.h; path = MarkdownLive_Prefix.pch; sourceTree = "<group>"; };
		2A37F4ACFDCFA73011CA2CEA /* MyDocument.m */ = {isa = PBXFileReference; fileEncoding = 4; lastKnownFileType = sourcecode.c.objc; path = MyDocument.m; sourceTree = "<group>"; };
		2A37F4AEFDCFA73011CA2CEA /* MyDocument.h */ = {isa = PBXFileReference; fileEncoding = 4; lastKnownFileType = sourcecode.c.h; path = MyDocument.h; sourceTree = "<group>"; };
		2A37F4B0FDCFA73011CA2CEA /* main.m */ = {isa = PBXFileReference; fileEncoding = 4; lastKnownFileType = sourcecode.c.objc; path = main.m; sourceTree = "<group>"; };
		2A37F4BAFDCFA73011CA2CEA /* English */ = {isa = PBXFileReference; lastKnownFileType = text.rtf; name = English; path = English.lproj/Credits.rtf; sourceTree = "<group>"; };
		2A37F4C4FDCFA73011CA2CEA /* AppKit.framework */ = {isa = PBXFileReference; lastKnownFileType = wrapper.framework; name = AppKit.framework; path = /System/Library/Frameworks/AppKit.framework; sourceTree = "<absolute>"; };
		2A37F4C5FDCFA73011CA2CEA /* Foundation.framework */ = {isa = PBXFileReference; lastKnownFileType = wrapper.framework; name = Foundation.framework; path = /System/Library/Frameworks/Foundation.framework; sourceTree = "<absolute>"; };
		795F6C4E105D6EC400D1F90A /* mkdio.c */ = {isa = PBXFileReference; fileEncoding = 4; lastKnownFileType = sourcecode.c.c; path = mkdio.c; sourceTree = "<group>"; };
		795F6C50105D6ECE00D1F90A /* markdown.c */ = {isa = PBXFileReference; fileEncoding = 4; lastKnownFileType = sourcecode.c.c; path = markdown.c; sourceTree = "<group>"; };
		795F6C52105D6ED800D1F90A /* generate.c */ = {isa = PBXFileReference; fileEncoding = 4; lastKnownFileType = sourcecode.c.c; path = generate.c; sourceTree = "<group>"; };
		795F6C54105D6EE100D1F90A /* resource.c */ = {isa = PBXFileReference; fileEncoding = 4; lastKnownFileType = sourcecode.c.c; path = resource.c; sourceTree = "<group>"; };
		795F6C61105D6F6E00D1F90A /* xml.c */ = {isa = PBXFileReference; fileEncoding = 4; lastKnownFileType = sourcecode.c.c; path = xml.c; sourceTree = "<group>"; };
		795F6C65105D6F8500D1F90A /* Csio.c */ = {isa = PBXFileReference; fileEncoding = 4; lastKnownFileType = sourcecode.c.c; path = Csio.c; sourceTree = "<group>"; };
		795F6C86105D70A300D1F90A /* MarkdownLiveApp.icns */ = {isa = PBXFileReference; lastKnownFileType = image.icns; path = MarkdownLiveApp.icns; sourceTree = "<group>"; };
		795F6CCC105D741100D1F90A /* WebKit.framework */ = {isa = PBXFileReference; lastKnownFileType = wrapper.framework; name = WebKit.framework; path = /System/Library/Frameworks/WebKit.framework; sourceTree = "<absolute>"; };
		795F6DB4105D75D300D1F90A /* discountWrapper.h */ = {isa = PBXFileReference; fileEncoding = 4; lastKnownFileType = sourcecode.c.h; path = discountWrapper.h; sourceTree = "<group>"; };
		795F6DB5105D75D300D1F90A /* discountWrapper.m */ = {isa = PBXFileReference; fileEncoding = 4; lastKnownFileType = sourcecode.c.objc; path = discountWrapper.m; sourceTree = "<group>"; };
		795F6DB6105D75D300D1F90A /* markdownWrapper.c */ = {isa = PBXFileReference; fileEncoding = 4; lastKnownFileType = sourcecode.c.c; path = markdownWrapper.c; sourceTree = "<group>"; };
		795F6DB7105D75D300D1F90A /* markdownWrapper.h */ = {isa = PBXFileReference; fileEncoding = 4; lastKnownFileType = sourcecode.c.h; path = markdownWrapper.h; sourceTree = "<group>"; };
		795F6DB8105D75D300D1F90A /* mkdioWrapper.c */ = {isa = PBXFileReference; fileEncoding = 4; lastKnownFileType = sourcecode.c.c; path = mkdioWrapper.c; sourceTree = "<group>"; };
		795F6DB9105D75D300D1F90A /* mkdioWrapper.h */ = {isa = PBXFileReference; fileEncoding = 4; lastKnownFileType = sourcecode.c.h; path = mkdioWrapper.h; sourceTree = "<group>"; };
		8D15AC360486D014006FF6A4 /* MarkdownLive-Info.plist */ = {isa = PBXFileReference; fileEncoding = 4; lastKnownFileType = text.plist.xml; path = "MarkdownLive-Info.plist"; sourceTree = "<group>"; };
		8D15AC370486D014006FF6A4 /* MarkdownLive.app */ = {isa = PBXFileReference; explicitFileType = wrapper.application; includeInIndex = 0; path = MarkdownLive.app; sourceTree = BUILT_PRODUCTS_DIR; };
/* End PBXFileReference section */

/* Begin PBXFrameworksBuildPhase section */
		8D15AC330486D014006FF6A4 /* Frameworks */ = {
			isa = PBXFrameworksBuildPhase;
			buildActionMask = 2147483647;
			files = (
				8D15AC340486D014006FF6A4 /* Cocoa.framework in Frameworks */,
				795F6CCD105D741100D1F90A /* WebKit.framework in Frameworks */,
			);
			runOnlyForDeploymentPostprocessing = 0;
		};
/* End PBXFrameworksBuildPhase section */

/* Begin PBXGroup section */
		1058C7A6FEA54F5311CA2CBB /* Linked Frameworks */ = {
			isa = PBXGroup;
			children = (
				795F6CCC105D741100D1F90A /* WebKit.framework */,
				1058C7A7FEA54F5311CA2CBB /* Cocoa.framework */,
			);
			name = "Linked Frameworks";
			sourceTree = "<group>";
		};
		1058C7A8FEA54F5311CA2CBB /* Other Frameworks */ = {
			isa = PBXGroup;
			children = (
				2A37F4C4FDCFA73011CA2CEA /* AppKit.framework */,
				13E42FBA07B3F13500E4EEF1 /* CoreData.framework */,
				2A37F4C5FDCFA73011CA2CEA /* Foundation.framework */,
			);
			name = "Other Frameworks";
			sourceTree = "<group>";
		};
		19C28FB0FE9D524F11CA2CBB /* Products */ = {
			isa = PBXGroup;
			children = (
				8D15AC370486D014006FF6A4 /* MarkdownLive.app */,
			);
			name = Products;
			sourceTree = "<group>";
		};
		22ECEEC512E7C258003B50DC /* discount-config */ = {
			isa = PBXGroup;
			children = (
				226936B912E7C8B600171322 /* mkdio.h */,
				22ECEEC612E7C258003B50DC /* config.h */,
			);
			path = "discount-config";
			sourceTree = "<group>";
		};
		2A37F4AAFDCFA73011CA2CEA /* MarkdownLive */ = {
			isa = PBXGroup;
			children = (
				2A37F4ABFDCFA73011CA2CEA /* Classes */,
				795F6C4D105D6EA500D1F90A /* discount */,
				22ECEEC512E7C258003B50DC /* discount-config */,
				795F6DB3105D75D300D1F90A /* discount_wrappers */,
				2A37F4AFFDCFA73011CA2CEA /* Other Sources */,
				2A37F4B8FDCFA73011CA2CEA /* Resources */,
				2A37F4C3FDCFA73011CA2CEA /* Frameworks */,
				19C28FB0FE9D524F11CA2CBB /* Products */,
			);
			name = MarkdownLive;
			sourceTree = "<group>";
		};
		2A37F4ABFDCFA73011CA2CEA /* Classes */ = {
			isa = PBXGroup;
			children = (
				2A37F4AEFDCFA73011CA2CEA /* MyDocument.h */,
				2A37F4ACFDCFA73011CA2CEA /* MyDocument.m */,
			);
			name = Classes;
			sourceTree = "<group>";
		};
		2A37F4AFFDCFA73011CA2CEA /* Other Sources */ = {
			isa = PBXGroup;
			children = (
				2564AD2C0F5327BB00F57823 /* MarkdownLive_Prefix.pch */,
				2A37F4B0FDCFA73011CA2CEA /* main.m */,
			);
			name = "Other Sources";
			sourceTree = "<group>";
		};
		2A37F4B8FDCFA73011CA2CEA /* Resources */ = {
			isa = PBXGroup;
			children = (
				795F6C86105D70A300D1F90A /* MarkdownLiveApp.icns */,
				2A37F4B9FDCFA73011CA2CEA /* Credits.rtf */,
				8D15AC360486D014006FF6A4 /* MarkdownLive-Info.plist */,
				089C165FFE840EACC02AAC07 /* InfoPlist.strings */,
				1DDD58280DA1D0D100B32029 /* MyDocument.xib */,
				1DDD582A0DA1D0D100B32029 /* MainMenu.xib */,
			);
			name = Resources;
			sourceTree = "<group>";
		};
		2A37F4C3FDCFA73011CA2CEA /* Frameworks */ = {
			isa = PBXGroup;
			children = (
				1058C7A6FEA54F5311CA2CBB /* Linked Frameworks */,
				1058C7A8FEA54F5311CA2CBB /* Other Frameworks */,
			);
			name = Frameworks;
			sourceTree = "<group>";
		};
		795F6C4D105D6EA500D1F90A /* discount */ = {
			isa = PBXGroup;
			children = (
				795F6C4E105D6EC400D1F90A /* mkdio.c */,
				22ECEED912E7C2E8003B50DC /* markdown.h */,
				795F6C50105D6ECE00D1F90A /* markdown.c */,
				795F6C52105D6ED800D1F90A /* generate.c */,
				795F6C54105D6EE100D1F90A /* resource.c */,
				795F6C61105D6F6E00D1F90A /* xml.c */,
				795F6C65105D6F8500D1F90A /* Csio.c */,
				2269367E12E7C53000171322 /* emmatch.c */,
				2269369A12E7C6AB00171322 /* html5.c */,
				2269369F12E7C6BE00171322 /* tags.h */,
				2269369E12E7C6BE00171322 /* tags.c */,
			);
			path = discount;
			sourceTree = "<group>";
		};
		795F6DB3105D75D300D1F90A /* discount_wrappers */ = {
			isa = PBXGroup;
			children = (
				795F6DB4105D75D300D1F90A /* discountWrapper.h */,
				795F6DB5105D75D300D1F90A /* discountWrapper.m */,
				795F6DB6105D75D300D1F90A /* markdownWrapper.c */,
				795F6DB7105D75D300D1F90A /* markdownWrapper.h */,
				795F6DB8105D75D300D1F90A /* mkdioWrapper.c */,
				795F6DB9105D75D300D1F90A /* mkdioWrapper.h */,
			);
			path = discount_wrappers;
			sourceTree = "<group>";
		};
/* End PBXGroup section */

/* Begin PBXNativeTarget section */
		8D15AC270486D014006FF6A4 /* MarkdownLive */ = {
			isa = PBXNativeTarget;
			buildConfigurationList = C05733C708A9546B00998B17 /* Build configuration list for PBXNativeTarget "MarkdownLive" */;
			buildPhases = (
				8D15AC2B0486D014006FF6A4 /* Resources */,
				8D15AC300486D014006FF6A4 /* Sources */,
				8D15AC330486D014006FF6A4 /* Frameworks */,
			);
			buildRules = (
			);
			dependencies = (
			);
			name = MarkdownLive;
			productInstallPath = "$(HOME)/Applications";
			productName = MarkdownLive;
			productReference = 8D15AC370486D014006FF6A4 /* MarkdownLive.app */;
			productType = "com.apple.product-type.application";
		};
/* End PBXNativeTarget section */

/* Begin PBXProject section */
		2A37F4A9FDCFA73011CA2CEA /* Project object */ = {
			isa = PBXProject;
			buildConfigurationList = C05733CB08A9546B00998B17 /* Build configuration list for PBXProject "MarkdownLive" */;
			compatibilityVersion = "Xcode 3.1";
			developmentRegion = English;
			hasScannedForEncodings = 1;
			knownRegions = (
				English,
				Japanese,
				French,
				German,
			);
			mainGroup = 2A37F4AAFDCFA73011CA2CEA /* MarkdownLive */;
			projectDirPath = "";
			projectRoot = "";
			targets = (
				8D15AC270486D014006FF6A4 /* MarkdownLive */,
			);
		};
/* End PBXProject section */

/* Begin PBXResourcesBuildPhase section */
		8D15AC2B0486D014006FF6A4 /* Resources */ = {
			isa = PBXResourcesBuildPhase;
			buildActionMask = 2147483647;
			files = (
				8D15AC2C0486D014006FF6A4 /* Credits.rtf in Resources */,
				8D15AC2F0486D014006FF6A4 /* InfoPlist.strings in Resources */,
				1DDD582C0DA1D0D100B32029 /* MyDocument.xib in Resources */,
				1DDD582D0DA1D0D100B32029 /* MainMenu.xib in Resources */,
				795F6C87105D70A300D1F90A /* MarkdownLiveApp.icns in Resources */,
			);
			runOnlyForDeploymentPostprocessing = 0;
		};
/* End PBXResourcesBuildPhase section */

/* Begin PBXSourcesBuildPhase section */
		8D15AC300486D014006FF6A4 /* Sources */ = {
			isa = PBXSourcesBuildPhase;
			buildActionMask = 2147483647;
			files = (
				8D15AC310486D014006FF6A4 /* MyDocument.m in Sources */,
				8D15AC320486D014006FF6A4 /* main.m in Sources */,
				795F6C4F105D6EC400D1F90A /* mkdio.c in Sources */,
				795F6C51105D6ECE00D1F90A /* markdown.c in Sources */,
				795F6C53105D6ED800D1F90A /* generate.c in Sources */,
				795F6C55105D6EE100D1F90A /* resource.c in Sources */,
				795F6C62105D6F6E00D1F90A /* xml.c in Sources */,
				795F6C66105D6F8500D1F90A /* Csio.c in Sources */,
				795F6DBA105D75D300D1F90A /* discountWrapper.m in Sources */,
				795F6DBB105D75D300D1F90A /* markdownWrapper.c in Sources */,
				795F6DBC105D75D300D1F90A /* mkdioWrapper.c in Sources */,
				2269367F12E7C53000171322 /* emmatch.c in Sources */,
				2269369B12E7C6AB00171322 /* html5.c in Sources */,
				226936A012E7C6BE00171322 /* tags.c in Sources */,
			);
			runOnlyForDeploymentPostprocessing = 0;
		};
/* End PBXSourcesBuildPhase section */

/* Begin PBXVariantGroup section */
		089C165FFE840EACC02AAC07 /* InfoPlist.strings */ = {
			isa = PBXVariantGroup;
			children = (
				089C1660FE840EACC02AAC07 /* English */,
			);
			name = InfoPlist.strings;
			sourceTree = "<group>";
		};
		1DDD58280DA1D0D100B32029 /* MyDocument.xib */ = {
			isa = PBXVariantGroup;
			children = (
				1DDD58290DA1D0D100B32029 /* English */,
			);
			name = MyDocument.xib;
			sourceTree = "<group>";
		};
		1DDD582A0DA1D0D100B32029 /* MainMenu.xib */ = {
			isa = PBXVariantGroup;
			children = (
				1DDD582B0DA1D0D100B32029 /* English */,
			);
			name = MainMenu.xib;
			sourceTree = "<group>";
		};
		2A37F4B9FDCFA73011CA2CEA /* Credits.rtf */ = {
			isa = PBXVariantGroup;
			children = (
				2A37F4BAFDCFA73011CA2CEA /* English */,
			);
			name = Credits.rtf;
			sourceTree = "<group>";
		};
/* End PBXVariantGroup section */

/* Begin XCBuildConfiguration section */
		C05733C808A9546B00998B17 /* Debug */ = {
			isa = XCBuildConfiguration;
			buildSettings = {
				ALWAYS_SEARCH_USER_PATHS = NO;
				COPY_PHASE_STRIP = NO;
				GCC_DYNAMIC_NO_PIC = NO;
				GCC_ENABLE_FIX_AND_CONTINUE = YES;
				GCC_MODEL_TUNING = G5;
				GCC_OPTIMIZATION_LEVEL = 0;
				GCC_PRECOMPILE_PREFIX_HEADER = YES;
				GCC_PREFIX_HEADER = MarkdownLive_Prefix.pch;
				INFOPLIST_FILE = "MarkdownLive-Info.plist";
				INSTALL_PATH = "$(HOME)/Applications";
				PRODUCT_NAME = MarkdownLive;
			};
			name = Debug;
		};
		C05733C908A9546B00998B17 /* Release */ = {
			isa = XCBuildConfiguration;
			buildSettings = {
				ALWAYS_SEARCH_USER_PATHS = NO;
				DEBUG_INFORMATION_FORMAT = "dwarf-with-dsym";
				GCC_MODEL_TUNING = G5;
				GCC_PRECOMPILE_PREFIX_HEADER = YES;
				GCC_PREFIX_HEADER = MarkdownLive_Prefix.pch;
				INFOPLIST_FILE = "MarkdownLive-Info.plist";
				INSTALL_PATH = "$(HOME)/Applications";
				PRODUCT_NAME = MarkdownLive;
			};
			name = Release;
		};
		C05733CC08A9546B00998B17 /* Debug */ = {
			isa = XCBuildConfiguration;
			buildSettings = {
				ARCHS = "$(ARCHS_STANDARD_32_64_BIT)";
				GCC_C_LANGUAGE_STANDARD = gnu99;
				GCC_OPTIMIZATION_LEVEL = 0;
				GCC_WARN_ABOUT_RETURN_TYPE = YES;
				GCC_WARN_UNUSED_VARIABLE = YES;
				ONLY_ACTIVE_ARCH = YES;
				PREBINDING = NO;
				SDKROOT = macosx10.6;
				USER_HEADER_SEARCH_PATHS = "\"$(SRCROOT)/discount-1.5.4\"";
			};
			name = Debug;
		};
		C05733CD08A9546B00998B17 /* Release */ = {
			isa = XCBuildConfiguration;
			buildSettings = {
				ARCHS = "$(ARCHS_STANDARD_32_64_BIT)";
				GCC_C_LANGUAGE_STANDARD = gnu99;
				GCC_WARN_ABOUT_RETURN_TYPE = YES;
				GCC_WARN_UNUSED_VARIABLE = YES;
				PREBINDING = NO;
				SDKROOT = macosx10.6;
				USER_HEADER_SEARCH_PATHS = "\"$(SRCROOT)/discount-1.5.4\"";
			};
			name = Release;
		};
/* End XCBuildConfiguration section */

/* Begin XCConfigurationList section */
		C05733C708A9546B00998B17 /* Build configuration list for PBXNativeTarget "MarkdownLive" */ = {
			isa = XCConfigurationList;
			buildConfigurations = (
				C05733C808A9546B00998B17 /* Debug */,
				C05733C908A9546B00998B17 /* Release */,
			);
			defaultConfigurationIsVisible = 0;
			defaultConfigurationName = Release;
		};
		C05733CB08A9546B00998B17 /* Build configuration list for PBXProject "MarkdownLive" */ = {
			isa = XCConfigurationList;
			buildConfigurations = (
				C05733CC08A9546B00998B17 /* Debug */,
				C05733CD08A9546B00998B17 /* Release */,
			);
			defaultConfigurationIsVisible = 0;
			defaultConfigurationName = Release;
		};
/* End XCConfigurationList section */
	};
	rootObject = 2A37F4A9FDCFA73011CA2CEA /* Project object */;
}
